// !$*UTF8*$!
{
	archiveVersion = 1;
	classes = {
	};
	objectVersion = 77;
	objects = {

/* Begin PBXContainerItemProxy section */
		DFCAC7132DBA90FB00707F6D /* PBXContainerItemProxy */ = {
			isa = PBXContainerItemProxy;
			containerPortal = DFCAC6FB2DBA90FA00707F6D /* Project object */;
			proxyType = 1;
			remoteGlobalIDString = DFCAC7022DBA90FA00707F6D;
			remoteInfo = SpinNSip;
		};
		DFCAC71D2DBA90FB00707F6D /* PBXContainerItemProxy */ = {
			isa = PBXContainerItemProxy;
			containerPortal = DFCAC6FB2DBA90FA00707F6D /* Project object */;
			proxyType = 1;
			remoteGlobalIDString = DFCAC7022DBA90FA00707F6D;
			remoteInfo = SpinNSip;
		};
/* End PBXContainerItemProxy section */

/* Begin PBXFileReference section */
		DFCAC7032DBA90FA00707F6D /* SpinNSip.app */ = {isa = PBXFileReference; explicitFileType = wrapper.application; includeInIndex = 0; path = SpinNSip.app; sourceTree = BUILT_PRODUCTS_DIR; };
		DFCAC7122DBA90FB00707F6D /* SpinNSipTests.xctest */ = {isa = PBXFileReference; explicitFileType = wrapper.cfbundle; includeInIndex = 0; path = SpinNSipTests.xctest; sourceTree = BUILT_PRODUCTS_DIR; };
		DFCAC71C2DBA90FB00707F6D /* SpinNSipUITests.xctest */ = {isa = PBXFileReference; explicitFileType = wrapper.cfbundle; includeInIndex = 0; path = SpinNSipUITests.xctest; sourceTree = BUILT_PRODUCTS_DIR; };
/* End PBXFileReference section */

/* Begin PBXFileSystemSynchronizedRootGroup section */
		DFCAC7052DBA90FA00707F6D /* SpinNSip */ = {
			isa = PBXFileSystemSynchronizedRootGroup;
			path = SpinNSip;
			sourceTree = "<group>";
		};
		DFCAC7152DBA90FB00707F6D /* SpinNSipTests */ = {
			isa = PBXFileSystemSynchronizedRootGroup;
			path = SpinNSipTests;
			sourceTree = "<group>";
		};
		DFCAC71F2DBA90FB00707F6D /* SpinNSipUITests */ = {
			isa = PBXFileSystemSynchronizedRootGroup;
			path = SpinNSipUITests;
			sourceTree = "<group>";
		};
/* End PBXFileSystemSynchronizedRootGroup section */

/* Begin PBXFrameworksBuildPhase section */
		DFCAC7002DBA90FA00707F6D /* Frameworks */ = {
			isa = PBXFrameworksBuildPhase;
			buildActionMask = 2147483647;
			files = (
			);
			runOnlyForDeploymentPostprocessing = 0;
		};
		DFCAC70F2DBA90FB00707F6D /* Frameworks */ = {
			isa = PBXFrameworksBuildPhase;
			buildActionMask = 2147483647;
			files = (
			);
			runOnlyForDeploymentPostprocessing = 0;
		};
		DFCAC7192DBA90FB00707F6D /* Frameworks */ = {
			isa = PBXFrameworksBuildPhase;
			buildActionMask = 2147483647;
			files = (
			);
			runOnlyForDeploymentPostprocessing = 0;
		};
/* End PBXFrameworksBuildPhase section */

/* Begin PBXGroup section */
		DFCAC6FA2DBA90FA00707F6D = {
			isa = PBXGroup;
			children = (
				DFCAC7052DBA90FA00707F6D /* SpinNSip */,
				DFCAC7152DBA90FB00707F6D /* SpinNSipTests */,
				DFCAC71F2DBA90FB00707F6D /* SpinNSipUITests */,
				DFCAC7042DBA90FA00707F6D /* Products */,
			);
			sourceTree = "<group>";
		};
		DFCAC7042DBA90FA00707F6D /* Products */ = {
			isa = PBXGroup;
			children = (
				DFCAC7032DBA90FA00707F6D /* SpinNSip.app */,
				DFCAC7122DBA90FB00707F6D /* SpinNSipTests.xctest */,
				DFCAC71C2DBA90FB00707F6D /* SpinNSipUITests.xctest */,
			);
			name = Products;
			sourceTree = "<group>";
		};
/* End PBXGroup section */

/* Begin PBXNativeTarget section */
		DFCAC7022DBA90FA00707F6D /* SpinNSip */ = {
			isa = PBXNativeTarget;
			buildConfigurationList = DFCAC7262DBA90FB00707F6D /* Build configuration list for PBXNativeTarget "SpinNSip" */;
			buildPhases = (
				DFCAC6FF2DBA90FA00707F6D /* Sources */,
				DFCAC7002DBA90FA00707F6D /* Frameworks */,
				DFCAC7012DBA90FA00707F6D /* Resources */,
			);
			buildRules = (
			);
			dependencies = (
			);
			fileSystemSynchronizedGroups = (
				DFCAC7052DBA90FA00707F6D /* SpinNSip */,
			);
			name = SpinNSip;
			packageProductDependencies = (
			);
			productName = SpinNSip;
			productReference = DFCAC7032DBA90FA00707F6D /* SpinNSip.app */;
			productType = "com.apple.product-type.application";
		};
		DFCAC7112DBA90FB00707F6D /* SpinNSipTests */ = {
			isa = PBXNativeTarget;
			buildConfigurationList = DFCAC7292DBA90FB00707F6D /* Build configuration list for PBXNativeTarget "SpinNSipTests" */;
			buildPhases = (
				DFCAC70E2DBA90FB00707F6D /* Sources */,
				DFCAC70F2DBA90FB00707F6D /* Frameworks */,
				DFCAC7102DBA90FB00707F6D /* Resources */,
			);
			buildRules = (
			);
			dependencies = (
				DFCAC7142DBA90FB00707F6D /* PBXTargetDependency */,
			);
			fileSystemSynchronizedGroups = (
				DFCAC7152DBA90FB00707F6D /* SpinNSipTests */,
			);
			name = SpinNSipTests;
			packageProductDependencies = (
			);
			productName = SpinNSipTests;
			productReference = DFCAC7122DBA90FB00707F6D /* SpinNSipTests.xctest */;
			productType = "com.apple.product-type.bundle.unit-test";
		};
		DFCAC71B2DBA90FB00707F6D /* SpinNSipUITests */ = {
			isa = PBXNativeTarget;
			buildConfigurationList = DFCAC72C2DBA90FB00707F6D /* Build configuration list for PBXNativeTarget "SpinNSipUITests" */;
			buildPhases = (
				DFCAC7182DBA90FB00707F6D /* Sources */,
				DFCAC7192DBA90FB00707F6D /* Frameworks */,
				DFCAC71A2DBA90FB00707F6D /* Resources */,
			);
			buildRules = (
			);
			dependencies = (
				DFCAC71E2DBA90FB00707F6D /* PBXTargetDependency */,
			);
			fileSystemSynchronizedGroups = (
				DFCAC71F2DBA90FB00707F6D /* SpinNSipUITests */,
			);
			name = SpinNSipUITests;
			packageProductDependencies = (
			);
			productName = SpinNSipUITests;
			productReference = DFCAC71C2DBA90FB00707F6D /* SpinNSipUITests.xctest */;
			productType = "com.apple.product-type.bundle.ui-testing";
		};
/* End PBXNativeTarget section */

/* Begin PBXProject section */
		DFCAC6FB2DBA90FA00707F6D /* Project object */ = {
			isa = PBXProject;
			attributes = {
				BuildIndependentTargetsInParallel = 1;
				LastSwiftUpdateCheck = 1630;
				LastUpgradeCheck = 1630;
				TargetAttributes = {
					DFCAC7022DBA90FA00707F6D = {
						CreatedOnToolsVersion = 16.3;
					};
					DFCAC7112DBA90FB00707F6D = {
						CreatedOnToolsVersion = 16.3;
						TestTargetID = DFCAC7022DBA90FA00707F6D;
					};
					DFCAC71B2DBA90FB00707F6D = {
						CreatedOnToolsVersion = 16.3;
						TestTargetID = DFCAC7022DBA90FA00707F6D;
					};
				};
			};
			buildConfigurationList = DFCAC6FE2DBA90FA00707F6D /* Build configuration list for PBXProject "SpinNSip" */;
			developmentRegion = en;
			hasScannedForEncodings = 0;
			knownRegions = (
				en,
				Base,
			);
			mainGroup = DFCAC6FA2DBA90FA00707F6D;
			minimizedProjectReferenceProxies = 1;
			preferredProjectObjectVersion = 77;
			productRefGroup = DFCAC7042DBA90FA00707F6D /* Products */;
			projectDirPath = "";
			projectRoot = "";
			targets = (
				DFCAC7022DBA90FA00707F6D /* SpinNSip */,
				DFCAC7112DBA90FB00707F6D /* SpinNSipTests */,
				DFCAC71B2DBA90FB00707F6D /* SpinNSipUITests */,
			);
		};
/* End PBXProject section */

/* Begin PBXResourcesBuildPhase section */
		DFCAC7012DBA90FA00707F6D /* Resources */ = {
			isa = PBXResourcesBuildPhase;
			buildActionMask = 2147483647;
			files = (
			);
			runOnlyForDeploymentPostprocessing = 0;
		};
		DFCAC7102DBA90FB00707F6D /* Resources */ = {
			isa = PBXResourcesBuildPhase;
			buildActionMask = 2147483647;
			files = (
			);
			runOnlyForDeploymentPostprocessing = 0;
		};
		DFCAC71A2DBA90FB00707F6D /* Resources */ = {
			isa = PBXResourcesBuildPhase;
			buildActionMask = 2147483647;
			files = (
			);
			runOnlyForDeploymentPostprocessing = 0;
		};
/* End PBXResourcesBuildPhase section */

/* Begin PBXSourcesBuildPhase section */
		DFCAC6FF2DBA90FA00707F6D /* Sources */ = {
			isa = PBXSourcesBuildPhase;
			buildActionMask = 2147483647;
			files = (
			);
			runOnlyForDeploymentPostprocessing = 0;
		};
		DFCAC70E2DBA90FB00707F6D /* Sources */ = {
			isa = PBXSourcesBuildPhase;
			buildActionMask = 2147483647;
			files = (
			);
			runOnlyForDeploymentPostprocessing = 0;
		};
		DFCAC7182DBA90FB00707F6D /* Sources */ = {
			isa = PBXSourcesBuildPhase;
			buildActionMask = 2147483647;
			files = (
			);
			runOnlyForDeploymentPostprocessing = 0;
		};
/* End PBXSourcesBuildPhase section */

/* Begin PBXTargetDependency section */
		DFCAC7142DBA90FB00707F6D /* PBXTargetDependency */ = {
			isa = PBXTargetDependency;
			target = DFCAC7022DBA90FA00707F6D /* SpinNSip */;
			targetProxy = DFCAC7132DBA90FB00707F6D /* PBXContainerItemProxy */;
		};
		DFCAC71E2DBA90FB00707F6D /* PBXTargetDependency */ = {
			isa = PBXTargetDependency;
			target = DFCAC7022DBA90FA00707F6D /* SpinNSip */;
			targetProxy = DFCAC71D2DBA90FB00707F6D /* PBXContainerItemProxy */;
		};
/* End PBXTargetDependency section */

/* Begin XCBuildConfiguration section */
		DFCAC7242DBA90FB00707F6D /* Debug */ = {
			isa = XCBuildConfiguration;
			buildSettings = {
				ALWAYS_SEARCH_USER_PATHS = NO;
				ASSETCATALOG_COMPILER_GENERATE_SWIFT_ASSET_SYMBOL_EXTENSIONS = YES;
				CLANG_ANALYZER_NONNULL = YES;
				CLANG_ANALYZER_NUMBER_OBJECT_CONVERSION = YES_AGGRESSIVE;
				CLANG_CXX_LANGUAGE_STANDARD = "gnu++20";
				CLANG_ENABLE_MODULES = YES;
				CLANG_ENABLE_OBJC_ARC = YES;
				CLANG_ENABLE_OBJC_WEAK = YES;
				CLANG_WARN_BLOCK_CAPTURE_AUTORELEASING = YES;
				CLANG_WARN_BOOL_CONVERSION = YES;
				CLANG_WARN_COMMA = YES;
				CLANG_WARN_CONSTANT_CONVERSION = YES;
				CLANG_WARN_DEPRECATED_OBJC_IMPLEMENTATIONS = YES;
				CLANG_WARN_DIRECT_OBJC_ISA_USAGE = YES_ERROR;
				CLANG_WARN_DOCUMENTATION_COMMENTS = YES;
				CLANG_WARN_EMPTY_BODY = YES;
				CLANG_WARN_ENUM_CONVERSION = YES;
				CLANG_WARN_INFINITE_RECURSION = YES;
				CLANG_WARN_INT_CONVERSION = YES;
				CLANG_WARN_NON_LITERAL_NULL_CONVERSION = YES;
				CLANG_WARN_OBJC_IMPLICIT_RETAIN_SELF = YES;
				CLANG_WARN_OBJC_LITERAL_CONVERSION = YES;
				CLANG_WARN_OBJC_ROOT_CLASS = YES_ERROR;
				CLANG_WARN_QUOTED_INCLUDE_IN_FRAMEWORK_HEADER = YES;
				CLANG_WARN_RANGE_LOOP_ANALYSIS = YES;
				CLANG_WARN_STRICT_PROTOTYPES = YES;
				CLANG_WARN_SUSPICIOUS_MOVE = YES;
				CLANG_WARN_UNGUARDED_AVAILABILITY = YES_AGGRESSIVE;
				CLANG_WARN_UNREACHABLE_CODE = YES;
				CLANG_WARN__DUPLICATE_METHOD_MATCH = YES;
				COPY_PHASE_STRIP = NO;
				DEBUG_INFORMATION_FORMAT = dwarf;
				DEVELOPMENT_TEAM = 3JPF7NF2M2;
				ENABLE_STRICT_OBJC_MSGSEND = YES;
				ENABLE_TESTABILITY = YES;
				ENABLE_USER_SCRIPT_SANDBOXING = YES;
				GCC_C_LANGUAGE_STANDARD = gnu17;
				GCC_DYNAMIC_NO_PIC = NO;
				GCC_NO_COMMON_BLOCKS = YES;
				GCC_OPTIMIZATION_LEVEL = 0;
				GCC_PREPROCESSOR_DEFINITIONS = (
					"DEBUG=1",
					"$(inherited)",
				);
				GCC_WARN_64_TO_32_BIT_CONVERSION = YES;
				GCC_WARN_ABOUT_RETURN_TYPE = YES_ERROR;
				GCC_WARN_UNDECLARED_SELECTOR = YES;
				GCC_WARN_UNINITIALIZED_AUTOS = YES_AGGRESSIVE;
				GCC_WARN_UNUSED_FUNCTION = YES;
				GCC_WARN_UNUSED_VARIABLE = YES;
				IPHONEOS_DEPLOYMENT_TARGET = 18.4;
				LOCALIZATION_PREFERS_STRING_CATALOGS = YES;
				MTL_ENABLE_DEBUG_INFO = INCLUDE_SOURCE;
				MTL_FAST_MATH = YES;
				ONLY_ACTIVE_ARCH = YES;
				SDKROOT = iphoneos;
				SWIFT_ACTIVE_COMPILATION_CONDITIONS = "DEBUG $(inherited)";
				SWIFT_OPTIMIZATION_LEVEL = "-Onone";
			};
			name = Debug;
		};
		DFCAC7252DBA90FB00707F6D /* Release */ = {
			isa = XCBuildConfiguration;
			buildSettings = {
				ALWAYS_SEARCH_USER_PATHS = NO;
				ASSETCATALOG_COMPILER_GENERATE_SWIFT_ASSET_SYMBOL_EXTENSIONS = YES;
				CLANG_ANALYZER_NONNULL = YES;
				CLANG_ANALYZER_NUMBER_OBJECT_CONVERSION = YES_AGGRESSIVE;
				CLANG_CXX_LANGUAGE_STANDARD = "gnu++20";
				CLANG_ENABLE_MODULES = YES;
				CLANG_ENABLE_OBJC_ARC = YES;
				CLANG_ENABLE_OBJC_WEAK = YES;
				CLANG_WARN_BLOCK_CAPTURE_AUTORELEASING = YES;
				CLANG_WARN_BOOL_CONVERSION = YES;
				CLANG_WARN_COMMA = YES;
				CLANG_WARN_CONSTANT_CONVERSION = YES;
				CLANG_WARN_DEPRECATED_OBJC_IMPLEMENTATIONS = YES;
				CLANG_WARN_DIRECT_OBJC_ISA_USAGE = YES_ERROR;
				CLANG_WARN_DOCUMENTATION_COMMENTS = YES;
				CLANG_WARN_EMPTY_BODY = YES;
				CLANG_WARN_ENUM_CONVERSION = YES;
				CLANG_WARN_INFINITE_RECURSION = YES;
				CLANG_WARN_INT_CONVERSION = YES;
				CLANG_WARN_NON_LITERAL_NULL_CONVERSION = YES;
				CLANG_WARN_OBJC_IMPLICIT_RETAIN_SELF = YES;
				CLANG_WARN_OBJC_LITERAL_CONVERSION = YES;
				CLANG_WARN_OBJC_ROOT_CLASS = YES_ERROR;
				CLANG_WARN_QUOTED_INCLUDE_IN_FRAMEWORK_HEADER = YES;
				CLANG_WARN_RANGE_LOOP_ANALYSIS = YES;
				CLANG_WARN_STRICT_PROTOTYPES = YES;
				CLANG_WARN_SUSPICIOUS_MOVE = YES;
				CLANG_WARN_UNGUARDED_AVAILABILITY = YES_AGGRESSIVE;
				CLANG_WARN_UNREACHABLE_CODE = YES;
				CLANG_WARN__DUPLICATE_METHOD_MATCH = YES;
				COPY_PHASE_STRIP = NO;
				DEBUG_INFORMATION_FORMAT = "dwarf-with-dsym";
				DEVELOPMENT_TEAM = 3JPF7NF2M2;
				ENABLE_NS_ASSERTIONS = NO;
				ENABLE_STRICT_OBJC_MSGSEND = YES;
				ENABLE_USER_SCRIPT_SANDBOXING = YES;
				GCC_C_LANGUAGE_STANDARD = gnu17;
				GCC_NO_COMMON_BLOCKS = YES;
				GCC_WARN_64_TO_32_BIT_CONVERSION = YES;
				GCC_WARN_ABOUT_RETURN_TYPE = YES_ERROR;
				GCC_WARN_UNDECLARED_SELECTOR = YES;
				GCC_WARN_UNINITIALIZED_AUTOS = YES_AGGRESSIVE;
				GCC_WARN_UNUSED_FUNCTION = YES;
				GCC_WARN_UNUSED_VARIABLE = YES;
				IPHONEOS_DEPLOYMENT_TARGET = 18.4;
				LOCALIZATION_PREFERS_STRING_CATALOGS = YES;
				MTL_ENABLE_DEBUG_INFO = NO;
				MTL_FAST_MATH = YES;
				SDKROOT = iphoneos;
				SWIFT_COMPILATION_MODE = wholemodule;
				VALIDATE_PRODUCT = YES;
			};
			name = Release;
		};
		DFCAC7272DBA90FB00707F6D /* Debug */ = {
			isa = XCBuildConfiguration;
			buildSettings = {
				ASSETCATALOG_COMPILER_APPICON_NAME = AppIcon;
				ASSETCATALOG_COMPILER_GLOBAL_ACCENT_COLOR_NAME = AccentColor;
				CODE_SIGN_STYLE = Automatic;
				CURRENT_PROJECT_VERSION = 1;
				DEVELOPMENT_TEAM = 3JPF7NF2M2;
				ENABLE_PREVIEWS = YES;
				GENERATE_INFOPLIST_FILE = YES;
				INFOPLIST_KEY_UIApplicationSceneManifest_Generation = YES;
				INFOPLIST_KEY_UIApplicationSupportsIndirectInputEvents = YES;
				INFOPLIST_KEY_UILaunchScreen_Generation = YES;
				INFOPLIST_KEY_UISupportedInterfaceOrientations_iPad = "UIInterfaceOrientationPortrait UIInterfaceOrientationPortraitUpsideDown UIInterfaceOrientationLandscapeLeft UIInterfaceOrientationLandscapeRight";
				INFOPLIST_KEY_UISupportedInterfaceOrientations_iPhone = "UIInterfaceOrientationPortrait UIInterfaceOrientationLandscapeLeft UIInterfaceOrientationLandscapeRight";
				IPHONEOS_DEPLOYMENT_TARGET = 18.0;
				LD_RUNPATH_SEARCH_PATHS = (
					"$(inherited)",
					"@executable_path/Frameworks",
				);
				MARKETING_VERSION = 1.0;
				PRODUCT_BUNDLE_IDENTIFIER = com.yiquan.SpinNSip;
				PRODUCT_NAME = "$(TARGET_NAME)";
				SWIFT_EMIT_LOC_STRINGS = YES;
				SWIFT_VERSION = 5.0;
				TARGETED_DEVICE_FAMILY = "1,2";
			};
			name = Debug;
		};
		DFCAC7282DBA90FB00707F6D /* Release */ = {
			isa = XCBuildConfiguration;
			buildSettings = {
				ASSETCATALOG_COMPILER_APPICON_NAME = AppIcon;
				ASSETCATALOG_COMPILER_GLOBAL_ACCENT_COLOR_NAME = AccentColor;
				CODE_SIGN_STYLE = Automatic;
				CURRENT_PROJECT_VERSION = 1;
				DEVELOPMENT_TEAM = 3JPF7NF2M2;
				ENABLE_PREVIEWS = YES;
				GENERATE_INFOPLIST_FILE = YES;
				INFOPLIST_KEY_UIApplicationSceneManifest_Generation = YES;
				INFOPLIST_KEY_UIApplicationSupportsIndirectInputEvents = YES;
				INFOPLIST_KEY_UILaunchScreen_Generation = YES;
				INFOPLIST_KEY_UISupportedInterfaceOrientations_iPad = "UIInterfaceOrientationPortrait UIInterfaceOrientationPortraitUpsideDown UIInterfaceOrientationLandscapeLeft UIInterfaceOrientationLandscapeRight";
				INFOPLIST_KEY_UISupportedInterfaceOrientations_iPhone = "UIInterfaceOrientationPortrait UIInterfaceOrientationLandscapeLeft UIInterfaceOrientationLandscapeRight";
				IPHONEOS_DEPLOYMENT_TARGET = 18.0;
				LD_RUNPATH_SEARCH_PATHS = (
					"$(inherited)",
					"@executable_path/Frameworks",
				);
				MARKETING_VERSION = 1.0;
				PRODUCT_BUNDLE_IDENTIFIER = com.yiquan.SpinNSip;
				PRODUCT_NAME = "$(TARGET_NAME)";
				SWIFT_EMIT_LOC_STRINGS = YES;
				SWIFT_VERSION = 5.0;
				TARGETED_DEVICE_FAMILY = "1,2";
			};
			name = Release;
		};
		DFCAC72A2DBA90FB00707F6D /* Debug */ = {
			isa = XCBuildConfiguration;
			buildSettings = {
				BUNDLE_LOADER = "$(TEST_HOST)";
				CODE_SIGN_STYLE = Automatic;
				CURRENT_PROJECT_VERSION = 1;
				DEVELOPMENT_TEAM = 3JPF7NF2M2;
				GENERATE_INFOPLIST_FILE = YES;
				IPHONEOS_DEPLOYMENT_TARGET = 18.4;
				MARKETING_VERSION = 1.0;
				PRODUCT_BUNDLE_IDENTIFIER = com.yiquan.SpinNSipTests;
				PRODUCT_NAME = "$(TARGET_NAME)";
				SWIFT_EMIT_LOC_STRINGS = NO;
				SWIFT_VERSION = 5.0;
				TARGETED_DEVICE_FAMILY = "1,2";
				TEST_HOST = "$(BUILT_PRODUCTS_DIR)/SpinNSip.app/$(BUNDLE_EXECUTABLE_FOLDER_PATH)/SpinNSip";
			};
			name = Debug;
		};
		DFCAC72B2DBA90FB00707F6D /* Release */ = {
			isa = XCBuildConfiguration;
			buildSettings = {
				BUNDLE_LOADER = "$(TEST_HOST)";
				CODE_SIGN_STYLE = Automatic;
				CURRENT_PROJECT_VERSION = 1;
				DEVELOPMENT_TEAM = 3JPF7NF2M2;
				GENERATE_INFOPLIST_FILE = YES;
				IPHONEOS_DEPLOYMENT_TARGET = 18.4;
				MARKETING_VERSION = 1.0;
				PRODUCT_BUNDLE_IDENTIFIER = com.yiquan.SpinNSipTests;
				PRODUCT_NAME = "$(TARGET_NAME)";
				SWIFT_EMIT_LOC_STRINGS = NO;
				SWIFT_VERSION = 5.0;
				TARGETED_DEVICE_FAMILY = "1,2";
				TEST_HOST = "$(BUILT_PRODUCTS_DIR)/SpinNSip.app/$(BUNDLE_EXECUTABLE_FOLDER_PATH)/SpinNSip";
			};
			name = Release;
		};
		DFCAC72D2DBA90FB00707F6D /* Debug */ = {
			isa = XCBuildConfiguration;
			buildSettings = {
				CODE_SIGN_STYLE = Automatic;
				CURRENT_PROJECT_VERSION = 1;
				DEVELOPMENT_TEAM = 3JPF7NF2M2;
				GENERATE_INFOPLIST_FILE = YES;
				MARKETING_VERSION = 1.0;
				PRODUCT_BUNDLE_IDENTIFIER = com.yiquan.SpinNSipUITests;
				PRODUCT_NAME = "$(TARGET_NAME)";
				SWIFT_EMIT_LOC_STRINGS = NO;
				SWIFT_VERSION = 5.0;
				TARGETED_DEVICE_FAMILY = "1,2";
				TEST_TARGET_NAME = SpinNSip;
			};
			name = Debug;
		};
		DFCAC72E2DBA90FB00707F6D /* Release */ = {
			isa = XCBuildConfiguration;
			buildSettings = {
				CODE_SIGN_STYLE = Automatic;
				CURRENT_PROJECT_VERSION = 1;
				DEVELOPMENT_TEAM = 3JPF7NF2M2;
				GENERATE_INFOPLIST_FILE = YES;
				MARKETING_VERSION = 1.0;
				PRODUCT_BUNDLE_IDENTIFIER = com.yiquan.SpinNSipUITests;
				PRODUCT_NAME = "$(TARGET_NAME)";
				SWIFT_EMIT_LOC_STRINGS = NO;
				SWIFT_VERSION = 5.0;
				TARGETED_DEVICE_FAMILY = "1,2";
				TEST_TARGET_NAME = SpinNSip;
			};
			name = Release;
		};
/* End XCBuildConfiguration section */

/* Begin XCConfigurationList section */
		DFCAC6FE2DBA90FA00707F6D /* Build configuration list for PBXProject "SpinNSip" */ = {
			isa = XCConfigurationList;
			buildConfigurations = (
				DFCAC7242DBA90FB00707F6D /* Debug */,
				DFCAC7252DBA90FB00707F6D /* Release */,
			);
			defaultConfigurationIsVisible = 0;
			defaultConfigurationName = Release;
		};
		DFCAC7262DBA90FB00707F6D /* Build configuration list for PBXNativeTarget "SpinNSip" */ = {
			isa = XCConfigurationList;
			buildConfigurations = (
				DFCAC7272DBA90FB00707F6D /* Debug */,
				DFCAC7282DBA90FB00707F6D /* Release */,
			);
			defaultConfigurationIsVisible = 0;
			defaultConfigurationName = Release;
		};
		DFCAC7292DBA90FB00707F6D /* Build configuration list for PBXNativeTarget "SpinNSipTests" */ = {
			isa = XCConfigurationList;
			buildConfigurations = (
				DFCAC72A2DBA90FB00707F6D /* Debug */,
				DFCAC72B2DBA90FB00707F6D /* Release */,
			);
			defaultConfigurationIsVisible = 0;
			defaultConfigurationName = Release;
		};
		DFCAC72C2DBA90FB00707F6D /* Build configuration list for PBXNativeTarget "SpinNSipUITests" */ = {
			isa = XCConfigurationList;
			buildConfigurations = (
				DFCAC72D2DBA90FB00707F6D /* Debug */,
				DFCAC72E2DBA90FB00707F6D /* Release */,
			);
			defaultConfigurationIsVisible = 0;
			defaultConfigurationName = Release;
		};
/* End XCConfigurationList section */
	};
	rootObject = DFCAC6FB2DBA90FA00707F6D /* Project object */;
}
